
Microsoft Visual Studio Solution File, Format Version 12.00
# Visual Studio 2013
VisualStudioVersion = 12.0.30501.0
MinimumVisualStudioVersion = 10.0.40219.1
Project("{8BC9CEB8-8B4A-11D0-8D11-00A0C91BC942}") = "Primes", "Primes\Primes.vcxproj", "{4AAD1D13-3E1F-4EDB-BE97-36FB6701B821}"
EndProject
Project("{8BC9CEB8-8B4A-11D0-8D11-00A0C91BC942}") = "libtest", "libtest\libtest.vcxproj", "{2A6C5519-9870-40A0-8366-A0F0D04EA0D7}"
EndProject
Project("{8BC9CEB8-8B4A-11D0-8D11-00A0C91BC942}") = "TestPointers", "TestPointers\TestPointers.vcxproj", "{D37ADCDA-7E41-44DA-9D58-60DD8CD6B566}"
EndProject
Project("{8BC9CEB8-8B4A-11D0-8D11-00A0C91BC942}") = "EnumTest", "EnumTest\EnumTest.vcxproj", "{493396F8-748B-446C-BAEE-FE350E36E6F8}"
EndProject
Project("{8BC9CEB8-8B4A-11D0-8D11-00A0C91BC942}") = "CPPTest", "CPPTest\CPPTest.vcxproj", "{934F9562-B701-43EB-9B1A-D552969A9966}"
EndProject
Project("{8BC9CEB8-8B4A-11D0-8D11-00A0C91BC942}") = "malloc_example", "malloc_example\malloc_example.vcxproj", "{7D3E1CAC-9E01-438F-A24E-5E310AF3E5F3}"
EndProject
Project("{8BC9CEB8-8B4A-11D0-8D11-00A0C91BC942}") = "sol3", "sol3\sol3.vcxproj", "{B49C7C36-2E48-467E-8F49-26BDF5DA0348}"
EndProject
Project("{8BC9CEB8-8B4A-11D0-8D11-00A0C91BC942}") = "StringToInt", "StringToInt\StringToInt.vcxproj", "{64C84E96-949F-43DA-A4A9-4B9D72D1FBB6}"
EndProject
Project("{8BC9CEB8-8B4A-11D0-8D11-00A0C91BC942}") = "sol3.jen", "sol3.jen\sol3.jen.vcxproj", "{253EE854-978A-4EF6-8D40-4122152FF4AE}"
EndProject
Project("{8BC9CEB8-8B4A-11D0-8D11-00A0C91BC942}") = "GetLastBit", "GetLastBit\GetLastBit.vcxproj", "{5C351CE7-919F-440E-8BB7-CA4076A884E4}"
EndProject
Project("{8BC9CEB8-8B4A-11D0-8D11-00A0C91BC942}") = "jen_assign1", "jen_assign1\jen_assign1.vcxproj", "{A11D535F-1723-434E-9CDC-DC0080999E96}"
EndProject
Project("{8BC9CEB8-8B4A-11D0-8D11-00A0C91BC942}") = "david_assign1", "david_assign1\david_assign1.vcxproj", "{C2CE88E9-4378-4A55-86D7-C6F99E719C5F}"
EndProject
Project("{8BC9CEB8-8B4A-11D0-8D11-00A0C91BC942}") = "Base64", "Base64\Base64.vcxproj", "{02F381FB-038C-4B9B-AD18-64FAC9D6B8CD}"
EndProject
Project("{8BC9CEB8-8B4A-11D0-8D11-00A0C91BC942}") = "RotK", "RotK\RotK.vcxproj", "{6751373E-D9D8-4DE9-B983-CE725E4CF1A4}"
EndProject
Project("{8BC9CEB8-8B4A-11D0-8D11-00A0C91BC942}") = "shellie_embed_test", "shellie_embed_test\shellie_embed_test.vcxproj", "{B7369EA4-3066-465D-8336-10F533A6F418}"
EndProject
Project("{8BC9CEB8-8B4A-11D0-8D11-00A0C91BC942}") = "TestEmbed", "TestEmbed\TestEmbed.vcxproj", "{5F2E9647-8EDA-418F-A36A-B4BE4B369AD0}"
EndProject
Project("{8BC9CEB8-8B4A-11D0-8D11-00A0C91BC942}") = "david_embed", "david_embed\david_embed.vcxproj", "{3B00B795-EE7B-4D54-9580-EF852C905CBB}"
EndProject
Project("{8BC9CEB8-8B4A-11D0-8D11-00A0C91BC942}") = "checksum", "checksum\checksum.vcxproj", "{82013DDC-87C1-4C33-93D4-82DC00B07DBD}"
EndProject
Global
	GlobalSection(SolutionConfigurationPlatforms) = preSolution
		Debug|Win32 = Debug|Win32
		Release|Win32 = Release|Win32
	EndGlobalSection
	GlobalSection(ProjectConfigurationPlatforms) = postSolution
		{4AAD1D13-3E1F-4EDB-BE97-36FB6701B821}.Debug|Win32.ActiveCfg = Debug|Win32
		{4AAD1D13-3E1F-4EDB-BE97-36FB6701B821}.Debug|Win32.Build.0 = Debug|Win32
		{4AAD1D13-3E1F-4EDB-BE97-36FB6701B821}.Release|Win32.ActiveCfg = Release|Win32
		{4AAD1D13-3E1F-4EDB-BE97-36FB6701B821}.Release|Win32.Build.0 = Release|Win32
		{2A6C5519-9870-40A0-8366-A0F0D04EA0D7}.Debug|Win32.ActiveCfg = Debug|Win32
		{2A6C5519-9870-40A0-8366-A0F0D04EA0D7}.Debug|Win32.Build.0 = Debug|Win32
		{2A6C5519-9870-40A0-8366-A0F0D04EA0D7}.Release|Win32.ActiveCfg = Release|Win32
		{2A6C5519-9870-40A0-8366-A0F0D04EA0D7}.Release|Win32.Build.0 = Release|Win32
		{D37ADCDA-7E41-44DA-9D58-60DD8CD6B566}.Debug|Win32.ActiveCfg = Debug|Win32
		{D37ADCDA-7E41-44DA-9D58-60DD8CD6B566}.Debug|Win32.Build.0 = Debug|Win32
		{D37ADCDA-7E41-44DA-9D58-60DD8CD6B566}.Release|Win32.ActiveCfg = Release|Win32
		{D37ADCDA-7E41-44DA-9D58-60DD8CD6B566}.Release|Win32.Build.0 = Release|Win32
		{493396F8-748B-446C-BAEE-FE350E36E6F8}.Debug|Win32.ActiveCfg = Debug|Win32
		{493396F8-748B-446C-BAEE-FE350E36E6F8}.Debug|Win32.Build.0 = Debug|Win32
		{493396F8-748B-446C-BAEE-FE350E36E6F8}.Release|Win32.ActiveCfg = Release|Win32
		{493396F8-748B-446C-BAEE-FE350E36E6F8}.Release|Win32.Build.0 = Release|Win32
		{934F9562-B701-43EB-9B1A-D552969A9966}.Debug|Win32.ActiveCfg = Debug|Win32
		{934F9562-B701-43EB-9B1A-D552969A9966}.Debug|Win32.Build.0 = Debug|Win32
		{934F9562-B701-43EB-9B1A-D552969A9966}.Release|Win32.ActiveCfg = Release|Win32
		{934F9562-B701-43EB-9B1A-D552969A9966}.Release|Win32.Build.0 = Release|Win32
		{7D3E1CAC-9E01-438F-A24E-5E310AF3E5F3}.Debug|Win32.ActiveCfg = Debug|Win32
		{7D3E1CAC-9E01-438F-A24E-5E310AF3E5F3}.Debug|Win32.Build.0 = Debug|Win32
		{7D3E1CAC-9E01-438F-A24E-5E310AF3E5F3}.Release|Win32.ActiveCfg = Release|Win32
		{7D3E1CAC-9E01-438F-A24E-5E310AF3E5F3}.Release|Win32.Build.0 = Release|Win32
		{B49C7C36-2E48-467E-8F49-26BDF5DA0348}.Debug|Win32.ActiveCfg = Debug|Win32
		{B49C7C36-2E48-467E-8F49-26BDF5DA0348}.Debug|Win32.Build.0 = Debug|Win32
		{B49C7C36-2E48-467E-8F49-26BDF5DA0348}.Release|Win32.ActiveCfg = Release|Win32
		{B49C7C36-2E48-467E-8F49-26BDF5DA0348}.Release|Win32.Build.0 = Release|Win32
		{64C84E96-949F-43DA-A4A9-4B9D72D1FBB6}.Debug|Win32.ActiveCfg = Debug|Win32
		{64C84E96-949F-43DA-A4A9-4B9D72D1FBB6}.Debug|Win32.Build.0 = Debug|Win32
		{64C84E96-949F-43DA-A4A9-4B9D72D1FBB6}.Release|Win32.ActiveCfg = Release|Win32
		{64C84E96-949F-43DA-A4A9-4B9D72D1FBB6}.Release|Win32.Build.0 = Release|Win32
		{253EE854-978A-4EF6-8D40-4122152FF4AE}.Debug|Win32.ActiveCfg = Debug|Win32
		{253EE854-978A-4EF6-8D40-4122152FF4AE}.Debug|Win32.Build.0 = Debug|Win32
		{253EE854-978A-4EF6-8D40-4122152FF4AE}.Release|Win32.ActiveCfg = Release|Win32
		{253EE854-978A-4EF6-8D40-4122152FF4AE}.Release|Win32.Build.0 = Release|Win32
		{5C351CE7-919F-440E-8BB7-CA4076A884E4}.Debug|Win32.ActiveCfg = Debug|Win32
		{5C351CE7-919F-440E-8BB7-CA4076A884E4}.Debug|Win32.Build.0 = Debug|Win32
		{5C351CE7-919F-440E-8BB7-CA4076A884E4}.Release|Win32.ActiveCfg = Release|Win32
		{5C351CE7-919F-440E-8BB7-CA4076A884E4}.Release|Win32.Build.0 = Release|Win32
		{A11D535F-1723-434E-9CDC-DC0080999E96}.Debug|Win32.ActiveCfg = Debug|Win32
		{A11D535F-1723-434E-9CDC-DC0080999E96}.Debug|Win32.Build.0 = Debug|Win32
		{A11D535F-1723-434E-9CDC-DC0080999E96}.Release|Win32.ActiveCfg = Release|Win32
		{A11D535F-1723-434E-9CDC-DC0080999E96}.Release|Win32.Build.0 = Release|Win32
		{C2CE88E9-4378-4A55-86D7-C6F99E719C5F}.Debug|Win32.ActiveCfg = Debug|Win32
		{C2CE88E9-4378-4A55-86D7-C6F99E719C5F}.Debug|Win32.Build.0 = Debug|Win32
		{C2CE88E9-4378-4A55-86D7-C6F99E719C5F}.Release|Win32.ActiveCfg = Release|Win32
		{C2CE88E9-4378-4A55-86D7-C6F99E719C5F}.Release|Win32.Build.0 = Release|Win32
		{02F381FB-038C-4B9B-AD18-64FAC9D6B8CD}.Debug|Win32.ActiveCfg = Debug|Win32
		{02F381FB-038C-4B9B-AD18-64FAC9D6B8CD}.Debug|Win32.Build.0 = Debug|Win32
		{02F381FB-038C-4B9B-AD18-64FAC9D6B8CD}.Release|Win32.ActiveCfg = Release|Win32
		{02F381FB-038C-4B9B-AD18-64FAC9D6B8CD}.Release|Win32.Build.0 = Release|Win32
		{6751373E-D9D8-4DE9-B983-CE725E4CF1A4}.Debug|Win32.ActiveCfg = Debug|Win32
		{6751373E-D9D8-4DE9-B983-CE725E4CF1A4}.Debug|Win32.Build.0 = Debug|Win32
		{6751373E-D9D8-4DE9-B983-CE725E4CF1A4}.Release|Win32.ActiveCfg = Release|Win32
		{6751373E-D9D8-4DE9-B983-CE725E4CF1A4}.Release|Win32.Build.0 = Release|Win32
		{B7369EA4-3066-465D-8336-10F533A6F418}.Debug|Win32.ActiveCfg = Debug|Win32
		{B7369EA4-3066-465D-8336-10F533A6F418}.Debug|Win32.Build.0 = Debug|Win32
		{B7369EA4-3066-465D-8336-10F533A6F418}.Release|Win32.ActiveCfg = Release|Win32
		{B7369EA4-3066-465D-8336-10F533A6F418}.Release|Win32.Build.0 = Release|Win32
		{5F2E9647-8EDA-418F-A36A-B4BE4B369AD0}.Debug|Win32.ActiveCfg = Debug|Win32
		{5F2E9647-8EDA-418F-A36A-B4BE4B369AD0}.Debug|Win32.Build.0 = Debug|Win32
		{5F2E9647-8EDA-418F-A36A-B4BE4B369AD0}.Release|Win32.ActiveCfg = Release|Win32
		{5F2E9647-8EDA-418F-A36A-B4BE4B369AD0}.Release|Win32.Build.0 = Release|Win32
		{3B00B795-EE7B-4D54-9580-EF852C905CBB}.Debug|Win32.ActiveCfg = Debug|Win32
		{3B00B795-EE7B-4D54-9580-EF852C905CBB}.Debug|Win32.Build.0 = Debug|Win32
		{3B00B795-EE7B-4D54-9580-EF852C905CBB}.Release|Win32.ActiveCfg = Release|Win32
		{3B00B795-EE7B-4D54-9580-EF852C905CBB}.Release|Win32.Build.0 = Release|Win32
		{82013DDC-87C1-4C33-93D4-82DC00B07DBD}.Debug|Win32.ActiveCfg = Debug|Win32
		{82013DDC-87C1-4C33-93D4-82DC00B07DBD}.Debug|Win32.Build.0 = Debug|Win32
		{82013DDC-87C1-4C33-93D4-82DC00B07DBD}.Release|Win32.ActiveCfg = Release|Win32
		{82013DDC-87C1-4C33-93D4-82DC00B07DBD}.Release|Win32.Build.0 = Release|Win32
	EndGlobalSection
	GlobalSection(SolutionProperties) = preSolution
		HideSolutionNode = FALSE
	EndGlobalSection
EndGlobal
